// !$*UTF8*$!
{
	archiveVersion = 1;
	classes = {
	};
	objectVersion = 54;
	objects = {

/* Begin PBXBuildFile section */
		5922EAD128D8BF3300BE46DC /* Background.swift in Sources */ = {isa = PBXBuildFile; fileRef = 5922EAD028D8BF3300BE46DC /* Background.swift */; };
		5922EAD528D8C0FB00BE46DC /* SceneObject.swift in Sources */ = {isa = PBXBuildFile; fileRef = 5922EAD428D8C0FB00BE46DC /* SceneObject.swift */; };
		5922EAD828D8C2E400BE46DC /* Physics.swift in Sources */ = {isa = PBXBuildFile; fileRef = 5922EAD728D8C2E400BE46DC /* Physics.swift */; };
		5922EADA28D8C53300BE46DC /* Player.swift in Sources */ = {isa = PBXBuildFile; fileRef = 5922EAD928D8C53300BE46DC /* Player.swift */; };
		5922EADC28D8CD7300BE46DC /* PlayerIdle.atlas in Resources */ = {isa = PBXBuildFile; fileRef = 5922EADB28D8CD7300BE46DC /* PlayerIdle.atlas */; };
		5922EAE028D8CF8200BE46DC /* SKTextureAtlas+Extension.swift in Sources */ = {isa = PBXBuildFile; fileRef = 5922EADF28D8CF8200BE46DC /* SKTextureAtlas+Extension.swift */; };
		592E302528E494F400603ECC /* Assets.xcassets in Resources */ = {isa = PBXBuildFile; fileRef = 592E302328E494F400603ECC /* Assets.xcassets */; };
		592E302728E57B5500603ECC /* Assets.swift in Sources */ = {isa = PBXBuildFile; fileRef = 592E302628E57B5500603ECC /* Assets.swift */; };
		592E302D28E588C100603ECC /* Tile.swift in Sources */ = {isa = PBXBuildFile; fileRef = 592E302C28E588C100603ECC /* Tile.swift */; };
		59699EB128E1AEA700999BE7 /* SKNode+Extension.swift in Sources */ = {isa = PBXBuildFile; fileRef = 59699EB028E1AEA700999BE7 /* SKNode+Extension.swift */; };
		59699EB528E1B40700999BE7 /* Camera.swift in Sources */ = {isa = PBXBuildFile; fileRef = 59699EB428E1B40700999BE7 /* Camera.swift */; };
		5990779928D77E3C00659E6E /* AppDelegate.swift in Sources */ = {isa = PBXBuildFile; fileRef = 5990779828D77E3C00659E6E /* AppDelegate.swift */; };
		5990779F28D77E3C00659E6E /* LevelScene.swift in Sources */ = {isa = PBXBuildFile; fileRef = 5990779E28D77E3C00659E6E /* LevelScene.swift */; };
		599077A128D77E3C00659E6E /* GameViewController.swift in Sources */ = {isa = PBXBuildFile; fileRef = 599077A028D77E3C00659E6E /* GameViewController.swift */; };
		599077A428D77E3C00659E6E /* GameViewController.storyboard in Resources */ = {isa = PBXBuildFile; fileRef = 599077A228D77E3C00659E6E /* GameViewController.storyboard */; };
		599077A928D77E3C00659E6E /* LaunchScreen.storyboard in Resources */ = {isa = PBXBuildFile; fileRef = 599077A728D77E3C00659E6E /* LaunchScreen.storyboard */; };
		59A9DB3D28E5CF7300492DAA /* Level1.sks in Resources */ = {isa = PBXBuildFile; fileRef = 59A9DB3C28E5CF7300492DAA /* Level1.sks */; };
		59A9DB3F28E618C500492DAA /* Tiles.sks in Resources */ = {isa = PBXBuildFile; fileRef = 59A9DB3E28E618C500492DAA /* Tiles.sks */; };
		59A9DB4128E61C6700492DAA /* Level.swift in Sources */ = {isa = PBXBuildFile; fileRef = 59A9DB4028E61C6700492DAA /* Level.swift */; };
		59CC663528E711E10010A82E /* ObjectNames.swift in Sources */ = {isa = PBXBuildFile; fileRef = 59CC663428E711E10010A82E /* ObjectNames.swift */; };
		59CFC5EE28D78A5900F4E6AE /* Layer.swift in Sources */ = {isa = PBXBuildFile; fileRef = 59CFC5ED28D78A5900F4E6AE /* Layer.swift */; };
		59EF42F128E0BA42005CC691 /* Joystick.swift in Sources */ = {isa = PBXBuildFile; fileRef = 59EF42F028E0BA42005CC691 /* Joystick.swift */; };
		59EF42F328E0D34D005CC691 /* BinaryFloatingPoint+Extension.swift in Sources */ = {isa = PBXBuildFile; fileRef = 59EF42F228E0D34D005CC691 /* BinaryFloatingPoint+Extension.swift */; };
		59EF42F528E0D437005CC691 /* Comparable+Extension.swift in Sources */ = {isa = PBXBuildFile; fileRef = 59EF42F428E0D437005CC691 /* Comparable+Extension.swift */; };
		59EF42F728E0DBBC005CC691 /* PlayerWalk.atlas in Resources */ = {isa = PBXBuildFile; fileRef = 59EF42F628E0DBBB005CC691 /* PlayerWalk.atlas */; };
		59EF42F928E0E420005CC691 /* JumpButton.swift in Sources */ = {isa = PBXBuildFile; fileRef = 59EF42F828E0E420005CC691 /* JumpButton.swift */; };
/* End PBXBuildFile section */

/* Begin PBXFileReference section */
		5922EAD028D8BF3300BE46DC /* Background.swift */ = {isa = PBXFileReference; lastKnownFileType = sourcecode.swift; path = Background.swift; sourceTree = "<group>"; };
		5922EAD428D8C0FB00BE46DC /* SceneObject.swift */ = {isa = PBXFileReference; lastKnownFileType = sourcecode.swift; path = SceneObject.swift; sourceTree = "<group>"; };
		5922EAD728D8C2E400BE46DC /* Physics.swift */ = {isa = PBXFileReference; lastKnownFileType = sourcecode.swift; path = Physics.swift; sourceTree = "<group>"; };
		5922EAD928D8C53300BE46DC /* Player.swift */ = {isa = PBXFileReference; lastKnownFileType = sourcecode.swift; path = Player.swift; sourceTree = "<group>"; };
		5922EADB28D8CD7300BE46DC /* PlayerIdle.atlas */ = {isa = PBXFileReference; lastKnownFileType = folder.skatlas; path = PlayerIdle.atlas; sourceTree = "<group>"; };
		5922EADF28D8CF8200BE46DC /* SKTextureAtlas+Extension.swift */ = {isa = PBXFileReference; lastKnownFileType = sourcecode.swift; path = "SKTextureAtlas+Extension.swift"; sourceTree = "<group>"; };
		592E302328E494F400603ECC /* Assets.xcassets */ = {isa = PBXFileReference; lastKnownFileType = folder.assetcatalog; path = Assets.xcassets; sourceTree = "<group>"; };
		592E302628E57B5500603ECC /* Assets.swift */ = {isa = PBXFileReference; lastKnownFileType = sourcecode.swift; path = Assets.swift; sourceTree = "<group>"; };
		592E302C28E588C100603ECC /* Tile.swift */ = {isa = PBXFileReference; lastKnownFileType = sourcecode.swift; path = Tile.swift; sourceTree = "<group>"; };
		59699EB028E1AEA700999BE7 /* SKNode+Extension.swift */ = {isa = PBXFileReference; lastKnownFileType = sourcecode.swift; path = "SKNode+Extension.swift"; sourceTree = "<group>"; };
		59699EB428E1B40700999BE7 /* Camera.swift */ = {isa = PBXFileReference; lastKnownFileType = sourcecode.swift; path = Camera.swift; sourceTree = "<group>"; };
		5990779528D77E3C00659E6E /* MendeluSpriteKit.app */ = {isa = PBXFileReference; explicitFileType = wrapper.application; includeInIndex = 0; path = MendeluSpriteKit.app; sourceTree = BUILT_PRODUCTS_DIR; };
		5990779828D77E3C00659E6E /* AppDelegate.swift */ = {isa = PBXFileReference; lastKnownFileType = sourcecode.swift; path = AppDelegate.swift; sourceTree = "<group>"; };
		5990779E28D77E3C00659E6E /* LevelScene.swift */ = {isa = PBXFileReference; lastKnownFileType = sourcecode.swift; path = LevelScene.swift; sourceTree = "<group>"; };
		599077A028D77E3C00659E6E /* GameViewController.swift */ = {isa = PBXFileReference; lastKnownFileType = sourcecode.swift; path = GameViewController.swift; sourceTree = "<group>"; };
		599077A328D77E3C00659E6E /* Base */ = {isa = PBXFileReference; lastKnownFileType = file.storyboard; name = Base; path = Base.lproj/GameViewController.storyboard; sourceTree = "<group>"; };
		599077A828D77E3C00659E6E /* Base */ = {isa = PBXFileReference; lastKnownFileType = file.storyboard; name = Base; path = Base.lproj/LaunchScreen.storyboard; sourceTree = "<group>"; };
		59A9DB3C28E5CF7300492DAA /* Level1.sks */ = {isa = PBXFileReference; lastKnownFileType = file.sks; path = Level1.sks; sourceTree = "<group>"; };
		59A9DB3E28E618C500492DAA /* Tiles.sks */ = {isa = PBXFileReference; lastKnownFileType = file.sks; path = Tiles.sks; sourceTree = "<group>"; };
		59A9DB4028E61C6700492DAA /* Level.swift */ = {isa = PBXFileReference; lastKnownFileType = sourcecode.swift; path = Level.swift; sourceTree = "<group>"; };
		59CC663428E711E10010A82E /* ObjectNames.swift */ = {isa = PBXFileReference; lastKnownFileType = sourcecode.swift; path = ObjectNames.swift; sourceTree = "<group>"; };
		59CFC5ED28D78A5900F4E6AE /* Layer.swift */ = {isa = PBXFileReference; lastKnownFileType = sourcecode.swift; path = Layer.swift; sourceTree = "<group>"; };
		59EF42F028E0BA42005CC691 /* Joystick.swift */ = {isa = PBXFileReference; lastKnownFileType = sourcecode.swift; path = Joystick.swift; sourceTree = "<group>"; };
		59EF42F228E0D34D005CC691 /* BinaryFloatingPoint+Extension.swift */ = {isa = PBXFileReference; lastKnownFileType = sourcecode.swift; path = "BinaryFloatingPoint+Extension.swift"; sourceTree = "<group>"; };
		59EF42F428E0D437005CC691 /* Comparable+Extension.swift */ = {isa = PBXFileReference; lastKnownFileType = sourcecode.swift; path = "Comparable+Extension.swift"; sourceTree = "<group>"; };
		59EF42F628E0DBBB005CC691 /* PlayerWalk.atlas */ = {isa = PBXFileReference; lastKnownFileType = folder.skatlas; path = PlayerWalk.atlas; sourceTree = "<group>"; };
		59EF42F828E0E420005CC691 /* JumpButton.swift */ = {isa = PBXFileReference; lastKnownFileType = sourcecode.swift; path = JumpButton.swift; sourceTree = "<group>"; };
/* End PBXFileReference section */

/* Begin PBXFrameworksBuildPhase section */
		5990779228D77E3C00659E6E /* Frameworks */ = {
			isa = PBXFrameworksBuildPhase;
			buildActionMask = 2147483647;
			files = (
			);
			runOnlyForDeploymentPostprocessing = 0;
		};
/* End PBXFrameworksBuildPhase section */

/* Begin PBXGroup section */
		5922EACF28D8958A00BE46DC /* Game */ = {
			isa = PBXGroup;
			children = (
				592E302B28E588A000603ECC /* Levels */,
				5922EAD628D8C1A400BE46DC /* GameObjects */,
				59CFC5ED28D78A5900F4E6AE /* Layer.swift */,
				5990779E28D77E3C00659E6E /* LevelScene.swift */,
				5922EAD728D8C2E400BE46DC /* Physics.swift */,
				59CC663428E711E10010A82E /* ObjectNames.swift */,
			);
			path = Game;
			sourceTree = "<group>";
		};
		5922EAD628D8C1A400BE46DC /* GameObjects */ = {
			isa = PBXGroup;
			children = (
				5922EAD028D8BF3300BE46DC /* Background.swift */,
				59699EB428E1B40700999BE7 /* Camera.swift */,
				5922EAD428D8C0FB00BE46DC /* SceneObject.swift */,
				59A9DB4028E61C6700492DAA /* Level.swift */,
				5922EAD928D8C53300BE46DC /* Player.swift */,
				592E302C28E588C100603ECC /* Tile.swift */,
				59EF42EF28E0BA38005CC691 /* Controls */,
			);
			path = GameObjects;
			sourceTree = "<group>";
		};
		5922EADD28D8CDBB00BE46DC /* Player */ = {
			isa = PBXGroup;
			children = (
				59EF42F628E0DBBB005CC691 /* PlayerWalk.atlas */,
				5922EADB28D8CD7300BE46DC /* PlayerIdle.atlas */,
			);
			path = Player;
			sourceTree = "<group>";
		};
		5922EADE28D8CF7400BE46DC /* Extensions */ = {
			isa = PBXGroup;
			children = (
				59EF42F228E0D34D005CC691 /* BinaryFloatingPoint+Extension.swift */,
				59EF42F428E0D437005CC691 /* Comparable+Extension.swift */,
				59699EB028E1AEA700999BE7 /* SKNode+Extension.swift */,
				5922EADF28D8CF8200BE46DC /* SKTextureAtlas+Extension.swift */,
			);
			path = Extensions;
			sourceTree = "<group>";
		};
		592E302B28E588A000603ECC /* Levels */ = {
			isa = PBXGroup;
			children = (
				59A9DB3C28E5CF7300492DAA /* Level1.sks */,
			);
			path = Levels;
			sourceTree = "<group>";
		};
		5990778C28D77E3C00659E6E = {
			isa = PBXGroup;
			children = (
				5990779728D77E3C00659E6E /* MendeluSpriteKit */,
				5990779628D77E3C00659E6E /* Products */,
			);
			sourceTree = "<group>";
		};
		5990779628D77E3C00659E6E /* Products */ = {
			isa = PBXGroup;
			children = (
				5990779528D77E3C00659E6E /* MendeluSpriteKit.app */,
			);
			name = Products;
			sourceTree = "<group>";
		};
		5990779728D77E3C00659E6E /* MendeluSpriteKit */ = {
			isa = PBXGroup;
			children = (
				5922EADE28D8CF7400BE46DC /* Extensions */,
				5922EACF28D8958A00BE46DC /* Game */,
				59CFC5E428D782AC00F4E6AE /* Screens */,
				599077AF28D7828600659E6E /* Assets */,
				5990779828D77E3C00659E6E /* AppDelegate.swift */,
			);
			path = MendeluSpriteKit;
			sourceTree = "<group>";
		};
		599077AF28D7828600659E6E /* Assets */ = {
			isa = PBXGroup;
			children = (
				59A9DB3E28E618C500492DAA /* Tiles.sks */,
				5922EADD28D8CDBB00BE46DC /* Player */,
				592E302328E494F400603ECC /* Assets.xcassets */,
				592E302628E57B5500603ECC /* Assets.swift */,
			);
			path = Assets;
			sourceTree = "<group>";
		};
		59CFC5E428D782AC00F4E6AE /* Screens */ = {
			isa = PBXGroup;
			children = (
				599077A728D77E3C00659E6E /* LaunchScreen.storyboard */,
				59CFC5E528D782B100F4E6AE /* Game */,
			);
			path = Screens;
			sourceTree = "<group>";
		};
		59CFC5E528D782B100F4E6AE /* Game */ = {
			isa = PBXGroup;
			children = (
				599077A028D77E3C00659E6E /* GameViewController.swift */,
				599077A228D77E3C00659E6E /* GameViewController.storyboard */,
			);
			path = Game;
			sourceTree = "<group>";
		};
		59EF42EF28E0BA38005CC691 /* Controls */ = {
			isa = PBXGroup;
			children = (
				59EF42F028E0BA42005CC691 /* Joystick.swift */,
				59EF42F828E0E420005CC691 /* JumpButton.swift */,
			);
			path = Controls;
			sourceTree = "<group>";
		};
/* End PBXGroup section */

/* Begin PBXNativeTarget section */
		5990779428D77E3C00659E6E /* MendeluSpriteKit */ = {
			isa = PBXNativeTarget;
			buildConfigurationList = 599077AC28D77E3C00659E6E /* Build configuration list for PBXNativeTarget "MendeluSpriteKit" */;
			buildPhases = (
				5990779128D77E3C00659E6E /* Sources */,
				5990779228D77E3C00659E6E /* Frameworks */,
				5990779328D77E3C00659E6E /* Resources */,
			);
			buildRules = (
			);
			dependencies = (
			);
			name = MendeluSpriteKit;
			productName = MendeluSpriteKit;
			productReference = 5990779528D77E3C00659E6E /* MendeluSpriteKit.app */;
			productType = "com.apple.product-type.application";
		};
/* End PBXNativeTarget section */

/* Begin PBXProject section */
		5990778D28D77E3C00659E6E /* Project object */ = {
			isa = PBXProject;
			attributes = {
				BuildIndependentTargetsInParallel = 1;
				LastSwiftUpdateCheck = 1400;
				LastUpgradeCheck = 1400;
				TargetAttributes = {
					5990779428D77E3C00659E6E = {
						CreatedOnToolsVersion = 14.0;
					};
				};
			};
			buildConfigurationList = 5990779028D77E3C00659E6E /* Build configuration list for PBXProject "MendeluSpriteKit" */;
			compatibilityVersion = "Xcode 12.0";
			developmentRegion = en;
			hasScannedForEncodings = 0;
			knownRegions = (
				en,
				Base,
			);
			mainGroup = 5990778C28D77E3C00659E6E;
			productRefGroup = 5990779628D77E3C00659E6E /* Products */;
			projectDirPath = "";
			projectRoot = "";
			targets = (
				5990779428D77E3C00659E6E /* MendeluSpriteKit */,
			);
		};
/* End PBXProject section */

/* Begin PBXResourcesBuildPhase section */
		5990779328D77E3C00659E6E /* Resources */ = {
			isa = PBXResourcesBuildPhase;
			buildActionMask = 2147483647;
			files = (
				599077A428D77E3C00659E6E /* GameViewController.storyboard in Resources */,
				59EF42F728E0DBBC005CC691 /* PlayerWalk.atlas in Resources */,
				599077A928D77E3C00659E6E /* LaunchScreen.storyboard in Resources */,
				5922EADC28D8CD7300BE46DC /* PlayerIdle.atlas in Resources */,
				59A9DB3F28E618C500492DAA /* Tiles.sks in Resources */,
				592E302528E494F400603ECC /* Assets.xcassets in Resources */,
				59A9DB3D28E5CF7300492DAA /* Level1.sks in Resources */,
			);
			runOnlyForDeploymentPostprocessing = 0;
		};
/* End PBXResourcesBuildPhase section */

/* Begin PBXSourcesBuildPhase section */
		5990779128D77E3C00659E6E /* Sources */ = {
			isa = PBXSourcesBuildPhase;
			buildActionMask = 2147483647;
			files = (
				5990779F28D77E3C00659E6E /* LevelScene.swift in Sources */,
				599077A128D77E3C00659E6E /* GameViewController.swift in Sources */,
				59699EB528E1B40700999BE7 /* Camera.swift in Sources */,
				5922EAD828D8C2E400BE46DC /* Physics.swift in Sources */,
				59CFC5EE28D78A5900F4E6AE /* Layer.swift in Sources */,
				5922EAD528D8C0FB00BE46DC /* SceneObject.swift in Sources */,
				59A9DB4128E61C6700492DAA /* Level.swift in Sources */,
				59CC663528E711E10010A82E /* ObjectNames.swift in Sources */,
				5922EAD128D8BF3300BE46DC /* Background.swift in Sources */,
				592E302728E57B5500603ECC /* Assets.swift in Sources */,
				59EF42F528E0D437005CC691 /* Comparable+Extension.swift in Sources */,
				59EF42F328E0D34D005CC691 /* BinaryFloatingPoint+Extension.swift in Sources */,
				59EF42F928E0E420005CC691 /* JumpButton.swift in Sources */,
				5990779928D77E3C00659E6E /* AppDelegate.swift in Sources */,
				5922EADA28D8C53300BE46DC /* Player.swift in Sources */,
				59EF42F128E0BA42005CC691 /* Joystick.swift in Sources */,
				592E302D28E588C100603ECC /* Tile.swift in Sources */,
				59699EB128E1AEA700999BE7 /* SKNode+Extension.swift in Sources */,
				5922EAE028D8CF8200BE46DC /* SKTextureAtlas+Extension.swift in Sources */,
			);
			runOnlyForDeploymentPostprocessing = 0;
		};
/* End PBXSourcesBuildPhase section */

/* Begin PBXVariantGroup section */
		599077A228D77E3C00659E6E /* GameViewController.storyboard */ = {
			isa = PBXVariantGroup;
			children = (
				599077A328D77E3C00659E6E /* Base */,
			);
			name = GameViewController.storyboard;
			sourceTree = "<group>";
		};
		599077A728D77E3C00659E6E /* LaunchScreen.storyboard */ = {
			isa = PBXVariantGroup;
			children = (
				599077A828D77E3C00659E6E /* Base */,
			);
			name = LaunchScreen.storyboard;
			sourceTree = "<group>";
		};
/* End PBXVariantGroup section */

/* Begin XCBuildConfiguration section */
		599077AA28D77E3C00659E6E /* Debug */ = {
			isa = XCBuildConfiguration;
			buildSettings = {
				ALWAYS_SEARCH_USER_PATHS = NO;
				CLANG_ANALYZER_NONNULL = YES;
				CLANG_ANALYZER_NUMBER_OBJECT_CONVERSION = YES_AGGRESSIVE;
				CLANG_CXX_LANGUAGE_STANDARD = "gnu++20";
				CLANG_ENABLE_MODULES = YES;
				CLANG_ENABLE_OBJC_ARC = YES;
				CLANG_ENABLE_OBJC_WEAK = YES;
				CLANG_WARN_BLOCK_CAPTURE_AUTORELEASING = YES;
				CLANG_WARN_BOOL_CONVERSION = YES;
				CLANG_WARN_COMMA = YES;
				CLANG_WARN_CONSTANT_CONVERSION = YES;
				CLANG_WARN_DEPRECATED_OBJC_IMPLEMENTATIONS = YES;
				CLANG_WARN_DIRECT_OBJC_ISA_USAGE = YES_ERROR;
				CLANG_WARN_DOCUMENTATION_COMMENTS = YES;
				CLANG_WARN_EMPTY_BODY = YES;
				CLANG_WARN_ENUM_CONVERSION = YES;
				CLANG_WARN_INFINITE_RECURSION = YES;
				CLANG_WARN_INT_CONVERSION = YES;
				CLANG_WARN_NON_LITERAL_NULL_CONVERSION = YES;
				CLANG_WARN_OBJC_IMPLICIT_RETAIN_SELF = YES;
				CLANG_WARN_OBJC_LITERAL_CONVERSION = YES;
				CLANG_WARN_OBJC_ROOT_CLASS = YES_ERROR;
				CLANG_WARN_QUOTED_INCLUDE_IN_FRAMEWORK_HEADER = YES;
				CLANG_WARN_RANGE_LOOP_ANALYSIS = YES;
				CLANG_WARN_STRICT_PROTOTYPES = YES;
				CLANG_WARN_SUSPICIOUS_MOVE = YES;
				CLANG_WARN_UNGUARDED_AVAILABILITY = YES_AGGRESSIVE;
				CLANG_WARN_UNREACHABLE_CODE = YES;
				CLANG_WARN__DUPLICATE_METHOD_MATCH = YES;
				COPY_PHASE_STRIP = NO;
				DEBUG_INFORMATION_FORMAT = dwarf;
				ENABLE_STRICT_OBJC_MSGSEND = YES;
				ENABLE_TESTABILITY = YES;
				GCC_C_LANGUAGE_STANDARD = gnu11;
				GCC_DYNAMIC_NO_PIC = NO;
				GCC_NO_COMMON_BLOCKS = YES;
				GCC_OPTIMIZATION_LEVEL = 0;
				GCC_PREPROCESSOR_DEFINITIONS = (
					"DEBUG=1",
					"$(inherited)",
				);
				GCC_WARN_64_TO_32_BIT_CONVERSION = YES;
				GCC_WARN_ABOUT_RETURN_TYPE = YES_ERROR;
				GCC_WARN_UNDECLARED_SELECTOR = YES;
				GCC_WARN_UNINITIALIZED_AUTOS = YES_AGGRESSIVE;
				GCC_WARN_UNUSED_FUNCTION = YES;
				GCC_WARN_UNUSED_VARIABLE = YES;
				IPHONEOS_DEPLOYMENT_TARGET = 16.0;
				MTL_ENABLE_DEBUG_INFO = INCLUDE_SOURCE;
				MTL_FAST_MATH = YES;
				ONLY_ACTIVE_ARCH = YES;
				SDKROOT = iphoneos;
				SWIFT_ACTIVE_COMPILATION_CONDITIONS = DEBUG;
				SWIFT_OPTIMIZATION_LEVEL = "-Onone";
			};
			name = Debug;
		};
		599077AB28D77E3C00659E6E /* Release */ = {
			isa = XCBuildConfiguration;
			buildSettings = {
				ALWAYS_SEARCH_USER_PATHS = NO;
				CLANG_ANALYZER_NONNULL = YES;
				CLANG_ANALYZER_NUMBER_OBJECT_CONVERSION = YES_AGGRESSIVE;
				CLANG_CXX_LANGUAGE_STANDARD = "gnu++20";
				CLANG_ENABLE_MODULES = YES;
				CLANG_ENABLE_OBJC_ARC = YES;
				CLANG_ENABLE_OBJC_WEAK = YES;
				CLANG_WARN_BLOCK_CAPTURE_AUTORELEASING = YES;
				CLANG_WARN_BOOL_CONVERSION = YES;
				CLANG_WARN_COMMA = YES;
				CLANG_WARN_CONSTANT_CONVERSION = YES;
				CLANG_WARN_DEPRECATED_OBJC_IMPLEMENTATIONS = YES;
				CLANG_WARN_DIRECT_OBJC_ISA_USAGE = YES_ERROR;
				CLANG_WARN_DOCUMENTATION_COMMENTS = YES;
				CLANG_WARN_EMPTY_BODY = YES;
				CLANG_WARN_ENUM_CONVERSION = YES;
				CLANG_WARN_INFINITE_RECURSION = YES;
				CLANG_WARN_INT_CONVERSION = YES;
				CLANG_WARN_NON_LITERAL_NULL_CONVERSION = YES;
				CLANG_WARN_OBJC_IMPLICIT_RETAIN_SELF = YES;
				CLANG_WARN_OBJC_LITERAL_CONVERSION = YES;
				CLANG_WARN_OBJC_ROOT_CLASS = YES_ERROR;
				CLANG_WARN_QUOTED_INCLUDE_IN_FRAMEWORK_HEADER = YES;
				CLANG_WARN_RANGE_LOOP_ANALYSIS = YES;
				CLANG_WARN_STRICT_PROTOTYPES = YES;
				CLANG_WARN_SUSPICIOUS_MOVE = YES;
				CLANG_WARN_UNGUARDED_AVAILABILITY = YES_AGGRESSIVE;
				CLANG_WARN_UNREACHABLE_CODE = YES;
				CLANG_WARN__DUPLICATE_METHOD_MATCH = YES;
				COPY_PHASE_STRIP = NO;
				DEBUG_INFORMATION_FORMAT = "dwarf-with-dsym";
				ENABLE_NS_ASSERTIONS = NO;
				ENABLE_STRICT_OBJC_MSGSEND = YES;
				GCC_C_LANGUAGE_STANDARD = gnu11;
				GCC_NO_COMMON_BLOCKS = YES;
				GCC_WARN_64_TO_32_BIT_CONVERSION = YES;
				GCC_WARN_ABOUT_RETURN_TYPE = YES_ERROR;
				GCC_WARN_UNDECLARED_SELECTOR = YES;
				GCC_WARN_UNINITIALIZED_AUTOS = YES_AGGRESSIVE;
				GCC_WARN_UNUSED_FUNCTION = YES;
				GCC_WARN_UNUSED_VARIABLE = YES;
				IPHONEOS_DEPLOYMENT_TARGET = 16.0;
				MTL_ENABLE_DEBUG_INFO = NO;
				MTL_FAST_MATH = YES;
				SDKROOT = iphoneos;
				SWIFT_COMPILATION_MODE = wholemodule;
				SWIFT_OPTIMIZATION_LEVEL = "-O";
				VALIDATE_PRODUCT = YES;
			};
			name = Release;
		};
		599077AD28D77E3C00659E6E /* Debug */ = {
			isa = XCBuildConfiguration;
			buildSettings = {
				ASSETCATALOG_COMPILER_APPICON_NAME = AppIcon;
				ASSETCATALOG_COMPILER_GLOBAL_ACCENT_COLOR_NAME = AccentColor;
				CODE_SIGN_STYLE = Automatic;
				CURRENT_PROJECT_VERSION = 1;
				DEVELOPMENT_TEAM = S7MU8HQWPP;
				GENERATE_INFOPLIST_FILE = YES;
				INFOPLIST_KEY_UIApplicationSupportsIndirectInputEvents = YES;
				INFOPLIST_KEY_UILaunchStoryboardName = LaunchScreen.storyboard;
				INFOPLIST_KEY_UIMainStoryboardFile = GameViewController;
				INFOPLIST_KEY_UIStatusBarHidden = YES;
				INFOPLIST_KEY_UISupportedInterfaceOrientations = "UIInterfaceOrientationLandscapeLeft UIInterfaceOrientationLandscapeRight";
				INFOPLIST_KEY_UISupportedInterfaceOrientations_iPad = "UIInterfaceOrientationLandscapeLeft UIInterfaceOrientationLandscapeRight UIInterfaceOrientationPortrait UIInterfaceOrientationPortraitUpsideDown";
				IPHONEOS_DEPLOYMENT_TARGET = 14.0;
				LD_RUNPATH_SEARCH_PATHS = (
					"$(inherited)",
					"@executable_path/Frameworks",
				);
				MARKETING_VERSION = 1.0;
				PRODUCT_BUNDLE_IDENTIFIER = com.strv.MendeluSpriteKit;
				PRODUCT_NAME = "$(TARGET_NAME)";
				SWIFT_EMIT_LOC_STRINGS = YES;
				SWIFT_VERSION = 5.0;
				TARGETED_DEVICE_FAMILY = "1,2";
			};
			name = Debug;
		};
		599077AE28D77E3C00659E6E /* Release */ = {
			isa = XCBuildConfiguration;
			buildSettings = {
				ASSETCATALOG_COMPILER_APPICON_NAME = AppIcon;
				ASSETCATALOG_COMPILER_GLOBAL_ACCENT_COLOR_NAME = AccentColor;
				CODE_SIGN_STYLE = Automatic;
				CURRENT_PROJECT_VERSION = 1;
				DEVELOPMENT_TEAM = S7MU8HQWPP;
				GENERATE_INFOPLIST_FILE = YES;
				INFOPLIST_KEY_UIApplicationSupportsIndirectInputEvents = YES;
				INFOPLIST_KEY_UILaunchStoryboardName = LaunchScreen.storyboard;
				INFOPLIST_KEY_UIMainStoryboardFile = GameViewController;
				INFOPLIST_KEY_UIStatusBarHidden = YES;
				INFOPLIST_KEY_UISupportedInterfaceOrientations = "UIInterfaceOrientationLandscapeLeft UIInterfaceOrientationLandscapeRight";
				INFOPLIST_KEY_UISupportedInterfaceOrientations_iPad = "UIInterfaceOrientationLandscapeLeft UIInterfaceOrientationLandscapeRight UIInterfaceOrientationPortrait UIInterfaceOrientationPortraitUpsideDown";
				IPHONEOS_DEPLOYMENT_TARGET = 14.0;
				LD_RUNPATH_SEARCH_PATHS = (
					"$(inherited)",
					"@executable_path/Frameworks",
				);
				MARKETING_VERSION = 1.0;
				PRODUCT_BUNDLE_IDENTIFIER = com.strv.MendeluSpriteKit;
				PRODUCT_NAME = "$(TARGET_NAME)";
				SWIFT_EMIT_LOC_STRINGS = YES;
				SWIFT_VERSION = 5.0;
				TARGETED_DEVICE_FAMILY = "1,2";
			};
			name = Release;
		};
/* End XCBuildConfiguration section */

/* Begin XCConfigurationList section */
		5990779028D77E3C00659E6E /* Build configuration list for PBXProject "MendeluSpriteKit" */ = {
			isa = XCConfigurationList;
			buildConfigurations = (
				599077AA28D77E3C00659E6E /* Debug */,
				599077AB28D77E3C00659E6E /* Release */,
			);
			defaultConfigurationIsVisible = 0;
			defaultConfigurationName = Release;
		};
		599077AC28D77E3C00659E6E /* Build configuration list for PBXNativeTarget "MendeluSpriteKit" */ = {
			isa = XCConfigurationList;
			buildConfigurations = (
				599077AD28D77E3C00659E6E /* Debug */,
				599077AE28D77E3C00659E6E /* Release */,
			);
			defaultConfigurationIsVisible = 0;
			defaultConfigurationName = Release;
		};
/* End XCConfigurationList section */
	};
	rootObject = 5990778D28D77E3C00659E6E /* Project object */;
}
